DEPENDENCIES
  dromedary
    path: .
    metadata: true

GRAPH
  apt (2.8.2)
  bluepill (2.3.1)
    rsyslog (>= 0.0.0)
  build-essential (2.2.3)
  dromedary (0.1.0)
    nginx (>= 0.0.0)
  nginx (2.7.6)
    apt (~> 2.2)
    bluepill (~> 2.3)
    build-essential (~> 2.0)
    ohai (~> 2.0)
    runit (~> 1.2)
    yum-epel (~> 0.3)
  ohai (2.0.1)
  packagecloud (0.1.0)
  rsyslog (2.1.0)
  runit (1.7.2)
    packagecloud (>= 0.0.0)
  yum (3.7.1)
  yum-epel (0.6.2)
    yum (~> 3.2)
